
Microsoft Visual Studio Solution File, Format Version 12.00
# Visual Studio Version 16
VisualStudioVersion = 16.0.29519.181
MinimumVisualStudioVersion = 10.0.40219.1
Project("{FAE04EC0-301F-11D3-BF4B-00C04F79EFBC}") = "DockPanel-WinFormUi", "DockPanel-WinFormUi.csproj", "{476B3A28-1508-49DA-A4CB-15C09A8049DC}"
	ProjectSection(ProjectDependencies) = postProject
		{C75532C4-765B-418E-B09B-46D36B2ABDB1} = {C75532C4-765B-418E-B09B-46D36B2ABDB1}
	EndProjectSection
EndProject
Project("{FAE04EC0-301F-11D3-BF4B-00C04F79EFBC}") = "WinFormsUI", "..\Tools\dockpanelsuite-Release_3.0.2\WinFormsUI\WinFormsUI.csproj", "{C75532C4-765B-418E-B09B-46D36B2ABDB1}"
EndProject
Project("{2150E333-8FDC-42A3-9474-1A3956D46DE8}") = "Solution Items", "Solution Items", "{58BD2228-68CD-4E38-9209-BCEF8E80E2F0}"
EndProject
Project("{FAE04EC0-301F-11D3-BF4B-00C04F79EFBC}") = "FormsCtrlLib", "FormsControlLibrary\FormsCtrlLib.csproj", "{67FDC51B-C3EE-4337-B3DC-A8F902AF9FD4}"
EndProject
Global
	GlobalSection(SolutionConfigurationPlatforms) = preSolution
		Debug|Any CPU = Debug|Any CPU
		Debug|ARM = Debug|ARM
		Debug|x86 = Debug|x86
		Release|Any CPU = Release|Any CPU
		Release|ARM = Release|ARM
		Release|x86 = Release|x86
	EndGlobalSection
	GlobalSection(ProjectConfigurationPlatforms) = postSolution
		{476B3A28-1508-49DA-A4CB-15C09A8049DC}.Debug|Any CPU.ActiveCfg = Debug|Any CPU
		{476B3A28-1508-49DA-A4CB-15C09A8049DC}.Debug|Any CPU.Build.0 = Debug|Any CPU
		{476B3A28-1508-49DA-A4CB-15C09A8049DC}.Debug|ARM.ActiveCfg = Debug|Any CPU
		{476B3A28-1508-49DA-A4CB-15C09A8049DC}.Debug|ARM.Build.0 = Debug|Any CPU
		{476B3A28-1508-49DA-A4CB-15C09A8049DC}.Debug|x86.ActiveCfg = Debug|Any CPU
		{476B3A28-1508-49DA-A4CB-15C09A8049DC}.Debug|x86.Build.0 = Debug|Any CPU
		{476B3A28-1508-49DA-A4CB-15C09A8049DC}.Release|Any CPU.ActiveCfg = Release|Any CPU
		{476B3A28-1508-49DA-A4CB-15C09A8049DC}.Release|Any CPU.Build.0 = Release|Any CPU
		{476B3A28-1508-49DA-A4CB-15C09A8049DC}.Release|ARM.ActiveCfg = Release|Any CPU
		{476B3A28-1508-49DA-A4CB-15C09A8049DC}.Release|ARM.Build.0 = Release|Any CPU
		{476B3A28-1508-49DA-A4CB-15C09A8049DC}.Release|x86.ActiveCfg = Release|Any CPU
		{476B3A28-1508-49DA-A4CB-15C09A8049DC}.Release|x86.Build.0 = Release|Any CPU
		{C75532C4-765B-418E-B09B-46D36B2ABDB1}.Debug|Any CPU.ActiveCfg = Debug|Any CPU
		{C75532C4-765B-418E-B09B-46D36B2ABDB1}.Debug|Any CPU.Build.0 = Debug|Any CPU
		{C75532C4-765B-418E-B09B-46D36B2ABDB1}.Debug|ARM.ActiveCfg = Debug|Any CPU
		{C75532C4-765B-418E-B09B-46D36B2ABDB1}.Debug|ARM.Build.0 = Debug|Any CPU
		{C75532C4-765B-418E-B09B-46D36B2ABDB1}.Debug|x86.ActiveCfg = Debug|Any CPU
		{C75532C4-765B-418E-B09B-46D36B2ABDB1}.Debug|x86.Build.0 = Debug|Any CPU
		{C75532C4-765B-418E-B09B-46D36B2ABDB1}.Release|Any CPU.ActiveCfg = Release|Any CPU
		{C75532C4-765B-418E-B09B-46D36B2ABDB1}.Release|Any CPU.Build.0 = Release|Any CPU
		{C75532C4-765B-418E-B09B-46D36B2ABDB1}.Release|ARM.ActiveCfg = Release|Any CPU
		{C75532C4-765B-418E-B09B-46D36B2ABDB1}.Release|ARM.Build.0 = Release|Any CPU
		{C75532C4-765B-418E-B09B-46D36B2ABDB1}.Release|x86.ActiveCfg = Release|Any CPU
		{C75532C4-765B-418E-B09B-46D36B2ABDB1}.Release|x86.Build.0 = Release|Any CPU
		{67FDC51B-C3EE-4337-B3DC-A8F902AF9FD4}.Debug|Any CPU.ActiveCfg = Debug|Any CPU
		{67FDC51B-C3EE-4337-B3DC-A8F902AF9FD4}.Debug|Any CPU.Build.0 = Debug|Any CPU
		{67FDC51B-C3EE-4337-B3DC-A8F902AF9FD4}.Debug|ARM.ActiveCfg = Debug|Any CPU
		{67FDC51B-C3EE-4337-B3DC-A8F902AF9FD4}.Debug|ARM.Build.0 = Debug|Any CPU
		{67FDC51B-C3EE-4337-B3DC-A8F902AF9FD4}.Debug|x86.ActiveCfg = Debug|Any CPU
		{67FDC51B-C3EE-4337-B3DC-A8F902AF9FD4}.Debug|x86.Build.0 = Debug|Any CPU
		{67FDC51B-C3EE-4337-B3DC-A8F902AF9FD4}.Release|Any CPU.ActiveCfg = Release|Any CPU
		{67FDC51B-C3EE-4337-B3DC-A8F902AF9FD4}.Release|Any CPU.Build.0 = Release|Any CPU
		{67FDC51B-C3EE-4337-B3DC-A8F902AF9FD4}.Release|ARM.ActiveCfg = Release|Any CPU
		{67FDC51B-C3EE-4337-B3DC-A8F902AF9FD4}.Release|ARM.Build.0 = Release|Any CPU
		{67FDC51B-C3EE-4337-B3DC-A8F902AF9FD4}.Release|x86.ActiveCfg = Release|Any CPU
		{67FDC51B-C3EE-4337-B3DC-A8F902AF9FD4}.Release|x86.Build.0 = Release|Any CPU
	EndGlobalSection
	GlobalSection(SolutionProperties) = preSolution
		HideSolutionNode = FALSE
	EndGlobalSection
	GlobalSection(ExtensibilityGlobals) = postSolution
		SolutionGuid = {54255DE2-C72D-4D46-908F-15275BD8302C}
	EndGlobalSection
EndGlobal
